// !$*UTF8*$!
{
	archiveVersion = 1;
	classes = {
	};
	objectVersion = 55;
	objects = {

/* Begin PBXBuildFile section */
		63354C912975B48F004CB7D5 /* TrailforksApp.swift in Sources */ = {isa = PBXBuildFile; fileRef = 63354C902975B48F004CB7D5 /* TrailforksApp.swift */; };
		63354C932975B48F004CB7D5 /* ContentView.swift in Sources */ = {isa = PBXBuildFile; fileRef = 63354C922975B48F004CB7D5 /* ContentView.swift */; };
		63354C952975B490004CB7D5 /* Assets.xcassets in Resources */ = {isa = PBXBuildFile; fileRef = 63354C942975B490004CB7D5 /* Assets.xcassets */; };
		63354C982975B490004CB7D5 /* Preview Assets.xcassets in Resources */ = {isa = PBXBuildFile; fileRef = 63354C972975B490004CB7D5 /* Preview Assets.xcassets */; };
		63354CAE2975BA8E004CB7D5 /* TFReportsResponse.swift in Sources */ = {isa = PBXBuildFile; fileRef = 63354CAD2975BA8E004CB7D5 /* TFReportsResponse.swift */; };
		63354CB02975BAB4004CB7D5 /* TrailforksURLSession.swift in Sources */ = {isa = PBXBuildFile; fileRef = 63354CAF2975BAB4004CB7D5 /* TrailforksURLSession.swift */; };
		63354CB22975BAE3004CB7D5 /* TFAPITests.swift in Sources */ = {isa = PBXBuildFile; fileRef = 63354CB12975BAE3004CB7D5 /* TFAPITests.swift */; };
		63354CB42975BB0C004CB7D5 /* MockURLSession.swift in Sources */ = {isa = PBXBuildFile; fileRef = 63354CB32975BB0C004CB7D5 /* MockURLSession.swift */; };
		63354CB82975BB52004CB7D5 /* TrailforksAPIError.swift in Sources */ = {isa = PBXBuildFile; fileRef = 63354CB72975BB52004CB7D5 /* TrailforksAPIError.swift */; };
		BA6E3B6629EEC4DBC55EC76D /* TFTrailConditions.swift in Sources */ = {isa = PBXBuildFile; fileRef = BA6E32B10056BE3DFFD45664 /* TFTrailConditions.swift */; };
		BA6E3EA1C7EEF4FA94CFFC88 /* TFAPI.swift in Sources */ = {isa = PBXBuildFile; fileRef = BA6E3B2985E2FF2E1D024A25 /* TFAPI.swift */; };
/* End PBXBuildFile section */

/* Begin PBXContainerItemProxy section */
		63354CA62975B4D9004CB7D5 /* PBXContainerItemProxy */ = {
			isa = PBXContainerItemProxy;
			containerPortal = 63354C852975B48F004CB7D5 /* Project object */;
			proxyType = 1;
			remoteGlobalIDString = 63354C8C2975B48F004CB7D5;
			remoteInfo = trailforks;
		};
/* End PBXContainerItemProxy section */

/* Begin PBXFileReference section */
		63354C8D2975B48F004CB7D5 /* Trailforks.app */ = {isa = PBXFileReference; explicitFileType = wrapper.application; includeInIndex = 0; path = Trailforks.app; sourceTree = BUILT_PRODUCTS_DIR; };
		63354C902975B48F004CB7D5 /* TrailforksApp.swift */ = {isa = PBXFileReference; lastKnownFileType = sourcecode.swift; path = TrailforksApp.swift; sourceTree = "<group>"; };
		63354C922975B48F004CB7D5 /* ContentView.swift */ = {isa = PBXFileReference; lastKnownFileType = sourcecode.swift; path = ContentView.swift; sourceTree = "<group>"; };
		63354C942975B490004CB7D5 /* Assets.xcassets */ = {isa = PBXFileReference; lastKnownFileType = folder.assetcatalog; path = Assets.xcassets; sourceTree = "<group>"; };
		63354C972975B490004CB7D5 /* Preview Assets.xcassets */ = {isa = PBXFileReference; lastKnownFileType = folder.assetcatalog; path = "Preview Assets.xcassets"; sourceTree = "<group>"; };
		63354CA22975B4D9004CB7D5 /* TrailforksTests.xctest */ = {isa = PBXFileReference; explicitFileType = wrapper.cfbundle; includeInIndex = 0; path = TrailforksTests.xctest; sourceTree = BUILT_PRODUCTS_DIR; };
		63354CAD2975BA8E004CB7D5 /* TFReportsResponse.swift */ = {isa = PBXFileReference; lastKnownFileType = sourcecode.swift; path = TFReportsResponse.swift; sourceTree = "<group>"; };
		63354CAF2975BAB4004CB7D5 /* TrailforksURLSession.swift */ = {isa = PBXFileReference; lastKnownFileType = sourcecode.swift; path = TrailforksURLSession.swift; sourceTree = "<group>"; };
		63354CB12975BAE3004CB7D5 /* TFAPITests.swift */ = {isa = PBXFileReference; fileEncoding = 4; lastKnownFileType = sourcecode.swift; path = TFAPITests.swift; sourceTree = "<group>"; };
		63354CB32975BB0C004CB7D5 /* MockURLSession.swift */ = {isa = PBXFileReference; fileEncoding = 4; lastKnownFileType = sourcecode.swift; path = MockURLSession.swift; sourceTree = "<group>"; };
		63354CB72975BB52004CB7D5 /* TrailforksAPIError.swift */ = {isa = PBXFileReference; fileEncoding = 4; lastKnownFileType = sourcecode.swift; path = TrailforksAPIError.swift; sourceTree = "<group>"; };
		BA6E32B10056BE3DFFD45664 /* TFTrailConditions.swift */ = {isa = PBXFileReference; fileEncoding = 4; lastKnownFileType = sourcecode.swift; path = TFTrailConditions.swift; sourceTree = "<group>"; };
		BA6E3B2985E2FF2E1D024A25 /* TFAPI.swift */ = {isa = PBXFileReference; fileEncoding = 4; lastKnownFileType = sourcecode.swift; path = TFAPI.swift; sourceTree = "<group>"; };
/* End PBXFileReference section */

/* Begin PBXFrameworksBuildPhase section */
		63354C8A2975B48F004CB7D5 /* Frameworks */ = {
			isa = PBXFrameworksBuildPhase;
			buildActionMask = 2147483647;
			files = (
			);
			runOnlyForDeploymentPostprocessing = 0;
		};
		63354C9F2975B4D9004CB7D5 /* Frameworks */ = {
			isa = PBXFrameworksBuildPhase;
			buildActionMask = 2147483647;
			files = (
			);
			runOnlyForDeploymentPostprocessing = 0;
		};
/* End PBXFrameworksBuildPhase section */

/* Begin PBXGroup section */
		63354C842975B48F004CB7D5 = {
			isa = PBXGroup;
			children = (
				63354C8F2975B48F004CB7D5 /* trailforks */,
				63354CA32975B4D9004CB7D5 /* trailforksTests */,
				63354C8E2975B48F004CB7D5 /* Products */,
			);
			sourceTree = "<group>";
		};
		63354C8E2975B48F004CB7D5 /* Products */ = {
			isa = PBXGroup;
			children = (
				63354C8D2975B48F004CB7D5 /* Trailforks.app */,
				63354CA22975B4D9004CB7D5 /* TrailforksTests.xctest */,
			);
			name = Products;
			sourceTree = "<group>";
		};
		63354C8F2975B48F004CB7D5 /* trailforks */ = {
			isa = PBXGroup;
			children = (
				63354CB62975BB37004CB7D5 /* API */,
				63354C902975B48F004CB7D5 /* TrailforksApp.swift */,
				63354C922975B48F004CB7D5 /* ContentView.swift */,
				63354C942975B490004CB7D5 /* Assets.xcassets */,
				63354C962975B490004CB7D5 /* Preview Content */,
			);
			path = trailforks;
			sourceTree = "<group>";
		};
		63354C962975B490004CB7D5 /* Preview Content */ = {
			isa = PBXGroup;
			children = (
				63354C972975B490004CB7D5 /* Preview Assets.xcassets */,
			);
			path = "Preview Content";
			sourceTree = "<group>";
		};
		63354CA32975B4D9004CB7D5 /* trailforksTests */ = {
			isa = PBXGroup;
			children = (
				63354CB52975BB11004CB7D5 /* mocks */,
				63354CB12975BAE3004CB7D5 /* TFAPITests.swift */,
			);
			path = trailforksTests;
			sourceTree = "<group>";
		};
		63354CB52975BB11004CB7D5 /* mocks */ = {
			isa = PBXGroup;
			children = (
				63354CB32975BB0C004CB7D5 /* MockURLSession.swift */,
			);
			path = mocks;
			sourceTree = "<group>";
		};
		63354CB62975BB37004CB7D5 /* API */ = {
			isa = PBXGroup;
			children = (
				63354CAD2975BA8E004CB7D5 /* TFReportsResponse.swift */,
				63354CAF2975BAB4004CB7D5 /* TrailforksURLSession.swift */,
				63354CB72975BB52004CB7D5 /* TrailforksAPIError.swift */,
				BA6E3B2985E2FF2E1D024A25 /* TFAPI.swift */,
				BA6E32B10056BE3DFFD45664 /* TFTrailConditions.swift */,
			);
			path = API;
			sourceTree = "<group>";
		};
/* End PBXGroup section */

/* Begin PBXNativeTarget section */
		63354C8C2975B48F004CB7D5 /* Trailforks */ = {
			isa = PBXNativeTarget;
			buildConfigurationList = 63354C9B2975B490004CB7D5 /* Build configuration list for PBXNativeTarget "Trailforks" */;
			buildPhases = (
				63354C892975B48F004CB7D5 /* Sources */,
				63354C8A2975B48F004CB7D5 /* Frameworks */,
				63354C8B2975B48F004CB7D5 /* Resources */,
			);
			buildRules = (
			);
			dependencies = (
			);
			name = Trailforks;
			productName = trailforks;
			productReference = 63354C8D2975B48F004CB7D5 /* Trailforks.app */;
			productType = "com.apple.product-type.application";
		};
		63354CA12975B4D9004CB7D5 /* TrailforksTests */ = {
			isa = PBXNativeTarget;
			buildConfigurationList = 63354CA82975B4D9004CB7D5 /* Build configuration list for PBXNativeTarget "TrailforksTests" */;
			buildPhases = (
				63354C9E2975B4D9004CB7D5 /* Sources */,
				63354C9F2975B4D9004CB7D5 /* Frameworks */,
				63354CA02975B4D9004CB7D5 /* Resources */,
			);
			buildRules = (
			);
			dependencies = (
				63354CA72975B4D9004CB7D5 /* PBXTargetDependency */,
			);
			name = TrailforksTests;
			productName = trailforksTests;
			productReference = 63354CA22975B4D9004CB7D5 /* TrailforksTests.xctest */;
			productType = "com.apple.product-type.bundle.unit-test";
		};
/* End PBXNativeTarget section */

/* Begin PBXProject section */
		63354C852975B48F004CB7D5 /* Project object */ = {
			isa = PBXProject;
			attributes = {
				BuildIndependentTargetsInParallel = 1;
				LastSwiftUpdateCheck = 1320;
				LastUpgradeCheck = 1320;
				TargetAttributes = {
					63354C8C2975B48F004CB7D5 = {
						CreatedOnToolsVersion = 13.2.1;
					};
					63354CA12975B4D9004CB7D5 = {
						CreatedOnToolsVersion = 13.2.1;
						TestTargetID = 63354C8C2975B48F004CB7D5;
					};
				};
			};
			buildConfigurationList = 63354C882975B48F004CB7D5 /* Build configuration list for PBXProject "Trailforks" */;
			compatibilityVersion = "Xcode 13.0";
			developmentRegion = en;
			hasScannedForEncodings = 0;
			knownRegions = (
				en,
				Base,
			);
			mainGroup = 63354C842975B48F004CB7D5;
			productRefGroup = 63354C8E2975B48F004CB7D5 /* Products */;
			projectDirPath = "";
			projectRoot = "";
			targets = (
				63354C8C2975B48F004CB7D5 /* Trailforks */,
				63354CA12975B4D9004CB7D5 /* TrailforksTests */,
			);
		};
/* End PBXProject section */

/* Begin PBXResourcesBuildPhase section */
		63354C8B2975B48F004CB7D5 /* Resources */ = {
			isa = PBXResourcesBuildPhase;
			buildActionMask = 2147483647;
			files = (
				63354C982975B490004CB7D5 /* Preview Assets.xcassets in Resources */,
				63354C952975B490004CB7D5 /* Assets.xcassets in Resources */,
			);
			runOnlyForDeploymentPostprocessing = 0;
		};
		63354CA02975B4D9004CB7D5 /* Resources */ = {
			isa = PBXResourcesBuildPhase;
			buildActionMask = 2147483647;
			files = (
			);
			runOnlyForDeploymentPostprocessing = 0;
		};
/* End PBXResourcesBuildPhase section */

/* Begin PBXSourcesBuildPhase section */
		63354C892975B48F004CB7D5 /* Sources */ = {
			isa = PBXSourcesBuildPhase;
			buildActionMask = 2147483647;
			files = (
				63354C932975B48F004CB7D5 /* ContentView.swift in Sources */,
				63354CAE2975BA8E004CB7D5 /* TFReportsResponse.swift in Sources */,
				63354C912975B48F004CB7D5 /* TrailforksApp.swift in Sources */,
				63354CB02975BAB4004CB7D5 /* TrailforksURLSession.swift in Sources */,
				63354CB82975BB52004CB7D5 /* TrailforksAPIError.swift in Sources */,
				BA6E3EA1C7EEF4FA94CFFC88 /* TFAPI.swift in Sources */,
				BA6E3B6629EEC4DBC55EC76D /* TFTrailConditions.swift in Sources */,
			);
			runOnlyForDeploymentPostprocessing = 0;
		};
		63354C9E2975B4D9004CB7D5 /* Sources */ = {
			isa = PBXSourcesBuildPhase;
			buildActionMask = 2147483647;
			files = (
				63354CB42975BB0C004CB7D5 /* MockURLSession.swift in Sources */,
				63354CB22975BAE3004CB7D5 /* TFAPITests.swift in Sources */,
			);
			runOnlyForDeploymentPostprocessing = 0;
		};
/* End PBXSourcesBuildPhase section */

/* Begin PBXTargetDependency section */
		63354CA72975B4D9004CB7D5 /* PBXTargetDependency */ = {
			isa = PBXTargetDependency;
			target = 63354C8C2975B48F004CB7D5 /* Trailforks */;
			targetProxy = 63354CA62975B4D9004CB7D5 /* PBXContainerItemProxy */;
		};
/* End PBXTargetDependency section */

/* Begin XCBuildConfiguration section */
		63354C992975B490004CB7D5 /* Debug */ = {
			isa = XCBuildConfiguration;
			buildSettings = {
				ALWAYS_SEARCH_USER_PATHS = NO;
				CLANG_ANALYZER_NONNULL = YES;
				CLANG_ANALYZER_NUMBER_OBJECT_CONVERSION = YES_AGGRESSIVE;
				CLANG_CXX_LANGUAGE_STANDARD = "gnu++17";
				CLANG_CXX_LIBRARY = "libc++";
				CLANG_ENABLE_MODULES = YES;
				CLANG_ENABLE_OBJC_ARC = YES;
				CLANG_ENABLE_OBJC_WEAK = YES;
				CLANG_WARN_BLOCK_CAPTURE_AUTORELEASING = YES;
				CLANG_WARN_BOOL_CONVERSION = YES;
				CLANG_WARN_COMMA = YES;
				CLANG_WARN_CONSTANT_CONVERSION = YES;
				CLANG_WARN_DEPRECATED_OBJC_IMPLEMENTATIONS = YES;
				CLANG_WARN_DIRECT_OBJC_ISA_USAGE = YES_ERROR;
				CLANG_WARN_DOCUMENTATION_COMMENTS = YES;
				CLANG_WARN_EMPTY_BODY = YES;
				CLANG_WARN_ENUM_CONVERSION = YES;
				CLANG_WARN_INFINITE_RECURSION = YES;
				CLANG_WARN_INT_CONVERSION = YES;
				CLANG_WARN_NON_LITERAL_NULL_CONVERSION = YES;
				CLANG_WARN_OBJC_IMPLICIT_RETAIN_SELF = YES;
				CLANG_WARN_OBJC_LITERAL_CONVERSION = YES;
				CLANG_WARN_OBJC_ROOT_CLASS = YES_ERROR;
				CLANG_WARN_QUOTED_INCLUDE_IN_FRAMEWORK_HEADER = YES;
				CLANG_WARN_RANGE_LOOP_ANALYSIS = YES;
				CLANG_WARN_STRICT_PROTOTYPES = YES;
				CLANG_WARN_SUSPICIOUS_MOVE = YES;
				CLANG_WARN_UNGUARDED_AVAILABILITY = YES_AGGRESSIVE;
				CLANG_WARN_UNREACHABLE_CODE = YES;
				CLANG_WARN__DUPLICATE_METHOD_MATCH = YES;
				COPY_PHASE_STRIP = NO;
				DEBUG_INFORMATION_FORMAT = dwarf;
				ENABLE_STRICT_OBJC_MSGSEND = YES;
				ENABLE_TESTABILITY = YES;
				GCC_C_LANGUAGE_STANDARD = gnu11;
				GCC_DYNAMIC_NO_PIC = NO;
				GCC_NO_COMMON_BLOCKS = YES;
				GCC_OPTIMIZATION_LEVEL = 0;
				GCC_PREPROCESSOR_DEFINITIONS = (
					"DEBUG=1",
					"$(inherited)",
				);
				GCC_WARN_64_TO_32_BIT_CONVERSION = YES;
				GCC_WARN_ABOUT_RETURN_TYPE = YES_ERROR;
				GCC_WARN_UNDECLARED_SELECTOR = YES;
				GCC_WARN_UNINITIALIZED_AUTOS = YES_AGGRESSIVE;
				GCC_WARN_UNUSED_FUNCTION = YES;
				GCC_WARN_UNUSED_VARIABLE = YES;
				IPHONEOS_DEPLOYMENT_TARGET = 14.0;
				MTL_ENABLE_DEBUG_INFO = INCLUDE_SOURCE;
				MTL_FAST_MATH = YES;
				ONLY_ACTIVE_ARCH = YES;
				SDKROOT = iphoneos;
				SWIFT_ACTIVE_COMPILATION_CONDITIONS = DEBUG;
				SWIFT_OPTIMIZATION_LEVEL = "-Onone";
			};
			name = Debug;
		};
		63354C9A2975B490004CB7D5 /* Release */ = {
			isa = XCBuildConfiguration;
			buildSettings = {
				ALWAYS_SEARCH_USER_PATHS = NO;
				CLANG_ANALYZER_NONNULL = YES;
				CLANG_ANALYZER_NUMBER_OBJECT_CONVERSION = YES_AGGRESSIVE;
				CLANG_CXX_LANGUAGE_STANDARD = "gnu++17";
				CLANG_CXX_LIBRARY = "libc++";
				CLANG_ENABLE_MODULES = YES;
				CLANG_ENABLE_OBJC_ARC = YES;
				CLANG_ENABLE_OBJC_WEAK = YES;
				CLANG_WARN_BLOCK_CAPTURE_AUTORELEASING = YES;
				CLANG_WARN_BOOL_CONVERSION = YES;
				CLANG_WARN_COMMA = YES;
				CLANG_WARN_CONSTANT_CONVERSION = YES;
				CLANG_WARN_DEPRECATED_OBJC_IMPLEMENTATIONS = YES;
				CLANG_WARN_DIRECT_OBJC_ISA_USAGE = YES_ERROR;
				CLANG_WARN_DOCUMENTATION_COMMENTS = YES;
				CLANG_WARN_EMPTY_BODY = YES;
				CLANG_WARN_ENUM_CONVERSION = YES;
				CLANG_WARN_INFINITE_RECURSION = YES;
				CLANG_WARN_INT_CONVERSION = YES;
				CLANG_WARN_NON_LITERAL_NULL_CONVERSION = YES;
				CLANG_WARN_OBJC_IMPLICIT_RETAIN_SELF = YES;
				CLANG_WARN_OBJC_LITERAL_CONVERSION = YES;
				CLANG_WARN_OBJC_ROOT_CLASS = YES_ERROR;
				CLANG_WARN_QUOTED_INCLUDE_IN_FRAMEWORK_HEADER = YES;
				CLANG_WARN_RANGE_LOOP_ANALYSIS = YES;
				CLANG_WARN_STRICT_PROTOTYPES = YES;
				CLANG_WARN_SUSPICIOUS_MOVE = YES;
				CLANG_WARN_UNGUARDED_AVAILABILITY = YES_AGGRESSIVE;
				CLANG_WARN_UNREACHABLE_CODE = YES;
				CLANG_WARN__DUPLICATE_METHOD_MATCH = YES;
				COPY_PHASE_STRIP = NO;
				DEBUG_INFORMATION_FORMAT = "dwarf-with-dsym";
				ENABLE_NS_ASSERTIONS = NO;
				ENABLE_STRICT_OBJC_MSGSEND = YES;
				GCC_C_LANGUAGE_STANDARD = gnu11;
				GCC_NO_COMMON_BLOCKS = YES;
				GCC_WARN_64_TO_32_BIT_CONVERSION = YES;
				GCC_WARN_ABOUT_RETURN_TYPE = YES_ERROR;
				GCC_WARN_UNDECLARED_SELECTOR = YES;
				GCC_WARN_UNINITIALIZED_AUTOS = YES_AGGRESSIVE;
				GCC_WARN_UNUSED_FUNCTION = YES;
				GCC_WARN_UNUSED_VARIABLE = YES;
				IPHONEOS_DEPLOYMENT_TARGET = 14.0;
				MTL_ENABLE_DEBUG_INFO = NO;
				MTL_FAST_MATH = YES;
				SDKROOT = iphoneos;
				SWIFT_COMPILATION_MODE = wholemodule;
				SWIFT_OPTIMIZATION_LEVEL = "-O";
				VALIDATE_PRODUCT = YES;
			};
			name = Release;
		};
		63354C9C2975B490004CB7D5 /* Debug */ = {
			isa = XCBuildConfiguration;
			buildSettings = {
				ASSETCATALOG_COMPILER_APPICON_NAME = AppIcon;
				ASSETCATALOG_COMPILER_GLOBAL_ACCENT_COLOR_NAME = AccentColor;
				CODE_SIGN_STYLE = Automatic;
				CURRENT_PROJECT_VERSION = 1;
				DEVELOPMENT_ASSET_PATHS = "\"trailforks/Preview Content\"";
				DEVELOPMENT_TEAM = A6K9P929M9;
				ENABLE_PREVIEWS = YES;
				GENERATE_INFOPLIST_FILE = YES;
				INFOPLIST_KEY_UIApplicationSceneManifest_Generation = YES;
				INFOPLIST_KEY_UIApplicationSupportsIndirectInputEvents = YES;
				INFOPLIST_KEY_UILaunchScreen_Generation = YES;
				INFOPLIST_KEY_UISupportedInterfaceOrientations = UIInterfaceOrientationPortrait;
				INFOPLIST_KEY_UISupportedInterfaceOrientations_iPad = "UIInterfaceOrientationPortrait UIInterfaceOrientationPortraitUpsideDown UIInterfaceOrientationLandscapeLeft UIInterfaceOrientationLandscapeRight";
				INFOPLIST_KEY_UISupportedInterfaceOrientations_iPhone = "UIInterfaceOrientationPortrait UIInterfaceOrientationLandscapeLeft UIInterfaceOrientationLandscapeRight";
				IPHONEOS_DEPLOYMENT_TARGET = 14.0;
				LD_RUNPATH_SEARCH_PATHS = (
					"$(inherited)",
					"@executable_path/Frameworks",
				);
				MARKETING_VERSION = 1.0;
				PRODUCT_BUNDLE_IDENTIFIER = com.piofusco.trailforks;
				PRODUCT_NAME = Trailforks;
				SWIFT_EMIT_LOC_STRINGS = YES;
				SWIFT_VERSION = 5.0;
				TARGETED_DEVICE_FAMILY = 1;
			};
			name = Debug;
		};
		63354C9D2975B490004CB7D5 /* Release */ = {
			isa = XCBuildConfiguration;
			buildSettings = {
				ASSETCATALOG_COMPILER_APPICON_NAME = AppIcon;
				ASSETCATALOG_COMPILER_GLOBAL_ACCENT_COLOR_NAME = AccentColor;
				CODE_SIGN_STYLE = Automatic;
				CURRENT_PROJECT_VERSION = 1;
				DEVELOPMENT_ASSET_PATHS = "\"trailforks/Preview Content\"";
				DEVELOPMENT_TEAM = A6K9P929M9;
				ENABLE_PREVIEWS = YES;
				GENERATE_INFOPLIST_FILE = YES;
				INFOPLIST_KEY_UIApplicationSceneManifest_Generation = YES;
				INFOPLIST_KEY_UIApplicationSupportsIndirectInputEvents = YES;
				INFOPLIST_KEY_UILaunchScreen_Generation = YES;
				INFOPLIST_KEY_UISupportedInterfaceOrientations = UIInterfaceOrientationPortrait;
				INFOPLIST_KEY_UISupportedInterfaceOrientations_iPad = "UIInterfaceOrientationPortrait UIInterfaceOrientationPortraitUpsideDown UIInterfaceOrientationLandscapeLeft UIInterfaceOrientationLandscapeRight";
				INFOPLIST_KEY_UISupportedInterfaceOrientations_iPhone = "UIInterfaceOrientationPortrait UIInterfaceOrientationLandscapeLeft UIInterfaceOrientationLandscapeRight";
				IPHONEOS_DEPLOYMENT_TARGET = 14.0;
				LD_RUNPATH_SEARCH_PATHS = (
					"$(inherited)",
					"@executable_path/Frameworks",
				);
				MARKETING_VERSION = 1.0;
				PRODUCT_BUNDLE_IDENTIFIER = com.piofusco.trailforks;
				PRODUCT_NAME = Trailforks;
				SWIFT_EMIT_LOC_STRINGS = YES;
				SWIFT_VERSION = 5.0;
				TARGETED_DEVICE_FAMILY = 1;
			};
			name = Release;
		};
		63354CA92975B4D9004CB7D5 /* Debug */ = {
			isa = XCBuildConfiguration;
			buildSettings = {
				BUNDLE_LOADER = "$(TEST_HOST)";
				CODE_SIGN_STYLE = Manual;
				CURRENT_PROJECT_VERSION = 1;
				DEVELOPMENT_TEAM = "";
				GENERATE_INFOPLIST_FILE = YES;
				MARKETING_VERSION = 1.0;
				PRODUCT_BUNDLE_IDENTIFIER = com.piofusco.trailforksTests;
				"PRODUCT_BUNDLE_IDENTIFIER[sdk=macosx*]" = "";
				PRODUCT_NAME = "$(TARGET_NAME)";
				PROVISIONING_PROFILE_SPECIFIER = "";
				"PROVISIONING_PROFILE_SPECIFIER[sdk=macosx*]" = "";
				SWIFT_EMIT_LOC_STRINGS = NO;
				SWIFT_VERSION = 5.0;
				TARGETED_DEVICE_FAMILY = 1;
				TEST_HOST = "$(BUILT_PRODUCTS_DIR)/Trailforks.app/Trailforks";
			};
			name = Debug;
		};
		63354CAA2975B4D9004CB7D5 /* Release */ = {
			isa = XCBuildConfiguration;
			buildSettings = {
				BUNDLE_LOADER = "$(TEST_HOST)";
				CODE_SIGN_STYLE = Manual;
				CURRENT_PROJECT_VERSION = 1;
				DEVELOPMENT_TEAM = "";
				GENERATE_INFOPLIST_FILE = YES;
				MARKETING_VERSION = 1.0;
				PRODUCT_BUNDLE_IDENTIFIER = com.piofusco.trailforksTests;
				"PRODUCT_BUNDLE_IDENTIFIER[sdk=macosx*]" = "";
				PRODUCT_NAME = "$(TARGET_NAME)";
				PROVISIONING_PROFILE_SPECIFIER = "";
				"PROVISIONING_PROFILE_SPECIFIER[sdk=macosx*]" = "";
				SWIFT_EMIT_LOC_STRINGS = NO;
				SWIFT_VERSION = 5.0;
				TARGETED_DEVICE_FAMILY = 1;
				TEST_HOST = "$(BUILT_PRODUCTS_DIR)/Trailforks.app/Trailforks";
			};
			name = Release;
		};
/* End XCBuildConfiguration section */

/* Begin XCConfigurationList section */
		63354C882975B48F004CB7D5 /* Build configuration list for PBXProject "Trailforks" */ = {
			isa = XCConfigurationList;
			buildConfigurations = (
				63354C992975B490004CB7D5 /* Debug */,
				63354C9A2975B490004CB7D5 /* Release */,
			);
			defaultConfigurationIsVisible = 0;
			defaultConfigurationName = Release;
		};
		63354C9B2975B490004CB7D5 /* Build configuration list for PBXNativeTarget "Trailforks" */ = {
			isa = XCConfigurationList;
			buildConfigurations = (
				63354C9C2975B490004CB7D5 /* Debug */,
				63354C9D2975B490004CB7D5 /* Release */,
			);
			defaultConfigurationIsVisible = 0;
			defaultConfigurationName = Release;
		};
		63354CA82975B4D9004CB7D5 /* Build configuration list for PBXNativeTarget "TrailforksTests" */ = {
			isa = XCConfigurationList;
			buildConfigurations = (
				63354CA92975B4D9004CB7D5 /* Debug */,
				63354CAA2975B4D9004CB7D5 /* Release */,
			);
			defaultConfigurationIsVisible = 0;
			defaultConfigurationName = Release;
		};
/* End XCConfigurationList section */
	};
	rootObject = 63354C852975B48F004CB7D5 /* Project object */;
}
